
Microsoft Visual Studio Solution File, Format Version 12.00
# Visual Studio Version 17
VisualStudioVersion = 17.5.33530.505
MinimumVisualStudioVersion = 10.0.40219.1
Project("{FAE04EC0-301F-11D3-BF4B-00C04F79EFBC}") = "RiverTransportAutoschedule", "RiverTransportAutoschedule.csproj", "{D3CD0D97-BC70-465E-A548-8C495EE3B636}"
EndProject
Global
	GlobalSection(SolutionConfigurationPlatforms) = preSolution
		Debug|Any CPU = Debug|Any CPU
		Release|Any CPU = Release|Any CPU
	EndGlobalSection
	GlobalSection(ProjectConfigurationPlatforms) = postSolution
		{D3CD0D97-BC70-465E-A548-8C495EE3B636}.Debug|Any CPU.ActiveCfg = Debug|Any CPU
		{D3CD0D97-BC70-465E-A548-8C495EE3B636}.Debug|Any CPU.Build.0 = Debug|Any CPU
		{D3CD0D97-BC70-465E-A548-8C495EE3B636}.Release|Any CPU.ActiveCfg = Release|Any CPU
		{D3CD0D97-BC70-465E-A548-8C495EE3B636}.Release|Any CPU.Build.0 = Release|Any CPU
	EndGlobalSection
	GlobalSection(SolutionProperties) = preSolution
		HideSolutionNode = FALSE
	EndGlobalSection
	GlobalSection(ExtensibilityGlobals) = postSolution
		SolutionGuid = {B3405525-33D8-47D8-AC81-0E52F2DFB69C}
	EndGlobalSection
EndGlobal
